
Microsoft Visual Studio Solution File, Format Version 12.00
# Visual Studio Version 17
VisualStudioVersion = 17.0.31919.166
MinimumVisualStudioVersion = 10.0.40219.1
Project("{FAE04EC0-301F-11D3-BF4B-00C04F79EFBC}") = "LinearPartitioning", "LinearPartitioning.csproj", "{5976A3BD-F56F-46E8-B0E3-05F9BB76A217}"
EndProject
Global
	GlobalSection(SolutionConfigurationPlatforms) = preSolution
		Debug|Any CPU = Debug|Any CPU
		Release|Any CPU = Release|Any CPU
	EndGlobalSection
	GlobalSection(ProjectConfigurationPlatforms) = postSolution
		{5976A3BD-F56F-46E8-B0E3-05F9BB76A217}.Debug|Any CPU.ActiveCfg = Debug|Any CPU
		{5976A3BD-F56F-46E8-B0E3-05F9BB76A217}.Debug|Any CPU.Build.0 = Debug|Any CPU
		{5976A3BD-F56F-46E8-B0E3-05F9BB76A217}.Release|Any CPU.ActiveCfg = Release|Any CPU
		{5976A3BD-F56F-46E8-B0E3-05F9BB76A217}.Release|Any CPU.Build.0 = Release|Any CPU
	EndGlobalSection
	GlobalSection(SolutionProperties) = preSolution
		HideSolutionNode = FALSE
	EndGlobalSection
	GlobalSection(ExtensibilityGlobals) = postSolution
		SolutionGuid = {D613B0A4-680E-4B76-B380-6091D5C59CC9}
	EndGlobalSection
EndGlobal
